
Microsoft Visual Studio Solution File, Format Version 12.00
# Visual Studio Version 17
VisualStudioVersion = 17.4.33205.214
MinimumVisualStudioVersion = 10.0.40219.1
Project("{FAE04EC0-301F-11D3-BF4B-00C04F79EFBC}") = "01.Methods", "Lesson5.Methods\01.Methods.csproj", "{13476C35-0992-4E9D-B091-2E2F16F9A573}"
EndProject
Project("{FAE04EC0-301F-11D3-BF4B-00C04F79EFBC}") = "02.Methods", "02.Methods\02.Methods.csproj", "{4B017175-3C50-4E58-9593-E0D0117E08E4}"
EndProject
Project("{FAE04EC0-301F-11D3-BF4B-00C04F79EFBC}") = "03.Methods", "03.Methods\03.Methods.csproj", "{B6B800C8-84A6-46C0-B2C3-D9C269AD2096}"
EndProject
Project("{FAE04EC0-301F-11D3-BF4B-00C04F79EFBC}") = "04.Methods", "04.Methods\04.Methods.csproj", "{FE8A4E16-7E6F-4D64-AC48-AC48BE17A65A}"
EndProject
Project("{FAE04EC0-301F-11D3-BF4B-00C04F79EFBC}") = "05.Methods", "05.Methods\05.Methods.csproj", "{8342CE99-CA4A-4E6E-A0F3-22E761411728}"
EndProject
Project("{FAE04EC0-301F-11D3-BF4B-00C04F79EFBC}") = "06.Methods", "06.Methods\06.Methods.csproj", "{FBC6EF9B-595D-48C1-BF29-539463383495}"
EndProject
Project("{FAE04EC0-301F-11D3-BF4B-00C04F79EFBC}") = "07.Methods", "07.Methods\07.Methods.csproj", "{743EA3C9-BCE5-477C-9397-3F54CFAF3496}"
EndProject
Project("{FAE04EC0-301F-11D3-BF4B-00C04F79EFBC}") = "08.Methods", "08.Methods\08.Methods.csproj", "{99200F08-9C92-4A6B-9DB0-306A19E3AE91}"
EndProject
Project("{FAE04EC0-301F-11D3-BF4B-00C04F79EFBC}") = "09.Methods", "09.Methods\09.Methods.csproj", "{BE8831CD-E54C-40CB-8D7A-34804B8CDE46}"
EndProject
Project("{FAE04EC0-301F-11D3-BF4B-00C04F79EFBC}") = "10.Methods", "10.Methods\10.Methods.csproj", "{30745B81-E6D9-43CC-9D56-2BE2DE9DD53B}"
EndProject
Project("{FAE04EC0-301F-11D3-BF4B-00C04F79EFBC}") = "11.Methods", "11.Methods\11.Methods.csproj", "{C3E4D896-AD24-4775-9CB7-00B6ADEF502C}"
EndProject
Project("{FAE04EC0-301F-11D3-BF4B-00C04F79EFBC}") = "12.Methods", "12.Methods\12.Methods.csproj", "{1B78C5E7-7384-4701-87B3-40EFDE8B08D2}"
EndProject
Project("{FAE04EC0-301F-11D3-BF4B-00C04F79EFBC}") = "13.Methods", "13.Methods\13.Methods.csproj", "{0D8C0D66-DAE2-43EE-B2C3-627BA2FFB4CD}"
EndProject
Project("{FAE04EC0-301F-11D3-BF4B-00C04F79EFBC}") = "14.Methods", "14.Methods\14.Methods.csproj", "{CD0734B9-32E9-47E6-A36D-05505580E187}"
EndProject
Project("{FAE04EC0-301F-11D3-BF4B-00C04F79EFBC}") = "15.Task", "15.Task\15.Task.csproj", "{12FEA47B-01B4-4071-A049-656FFFD7E692}"
EndProject
Project("{FAE04EC0-301F-11D3-BF4B-00C04F79EFBC}") = "16.Methods", "16.Methods\16.Methods.csproj", "{A5D46289-F7D5-44BE-B3C4-18265FAA9BEF}"
EndProject
Project("{FAE04EC0-301F-11D3-BF4B-00C04F79EFBC}") = "17.Methods", "17.Methods\17.Methods.csproj", "{3C35B181-0065-4D82-A3A1-CF83BE68E718}"
EndProject
Project("{FAE04EC0-301F-11D3-BF4B-00C04F79EFBC}") = "18.Methods", "18.Methods\18.Methods.csproj", "{B8A22730-9959-4F8D-9F6F-DF84CE673BA8}"
EndProject
Project("{FAE04EC0-301F-11D3-BF4B-00C04F79EFBC}") = "19.Methods", "19.Methods\19.Methods.csproj", "{7CB68311-AF41-473C-96B1-C0F0D994CD94}"
EndProject
Global
	GlobalSection(SolutionConfigurationPlatforms) = preSolution
		Debug|Any CPU = Debug|Any CPU
		Release|Any CPU = Release|Any CPU
	EndGlobalSection
	GlobalSection(ProjectConfigurationPlatforms) = postSolution
		{13476C35-0992-4E9D-B091-2E2F16F9A573}.Debug|Any CPU.ActiveCfg = Debug|Any CPU
		{13476C35-0992-4E9D-B091-2E2F16F9A573}.Debug|Any CPU.Build.0 = Debug|Any CPU
		{13476C35-0992-4E9D-B091-2E2F16F9A573}.Release|Any CPU.ActiveCfg = Release|Any CPU
		{13476C35-0992-4E9D-B091-2E2F16F9A573}.Release|Any CPU.Build.0 = Release|Any CPU
		{4B017175-3C50-4E58-9593-E0D0117E08E4}.Debug|Any CPU.ActiveCfg = Debug|Any CPU
		{4B017175-3C50-4E58-9593-E0D0117E08E4}.Debug|Any CPU.Build.0 = Debug|Any CPU
		{4B017175-3C50-4E58-9593-E0D0117E08E4}.Release|Any CPU.ActiveCfg = Release|Any CPU
		{4B017175-3C50-4E58-9593-E0D0117E08E4}.Release|Any CPU.Build.0 = Release|Any CPU
		{B6B800C8-84A6-46C0-B2C3-D9C269AD2096}.Debug|Any CPU.ActiveCfg = Debug|Any CPU
		{B6B800C8-84A6-46C0-B2C3-D9C269AD2096}.Debug|Any CPU.Build.0 = Debug|Any CPU
		{B6B800C8-84A6-46C0-B2C3-D9C269AD2096}.Release|Any CPU.ActiveCfg = Release|Any CPU
		{B6B800C8-84A6-46C0-B2C3-D9C269AD2096}.Release|Any CPU.Build.0 = Release|Any CPU
		{FE8A4E16-7E6F-4D64-AC48-AC48BE17A65A}.Debug|Any CPU.ActiveCfg = Debug|Any CPU
		{FE8A4E16-7E6F-4D64-AC48-AC48BE17A65A}.Debug|Any CPU.Build.0 = Debug|Any CPU
		{FE8A4E16-7E6F-4D64-AC48-AC48BE17A65A}.Release|Any CPU.ActiveCfg = Release|Any CPU
		{FE8A4E16-7E6F-4D64-AC48-AC48BE17A65A}.Release|Any CPU.Build.0 = Release|Any CPU
		{8342CE99-CA4A-4E6E-A0F3-22E761411728}.Debug|Any CPU.ActiveCfg = Debug|Any CPU
		{8342CE99-CA4A-4E6E-A0F3-22E761411728}.Debug|Any CPU.Build.0 = Debug|Any CPU
		{8342CE99-CA4A-4E6E-A0F3-22E761411728}.Release|Any CPU.ActiveCfg = Release|Any CPU
		{8342CE99-CA4A-4E6E-A0F3-22E761411728}.Release|Any CPU.Build.0 = Release|Any CPU
		{FBC6EF9B-595D-48C1-BF29-539463383495}.Debug|Any CPU.ActiveCfg = Debug|Any CPU
		{FBC6EF9B-595D-48C1-BF29-539463383495}.Debug|Any CPU.Build.0 = Debug|Any CPU
		{FBC6EF9B-595D-48C1-BF29-539463383495}.Release|Any CPU.ActiveCfg = Release|Any CPU
		{FBC6EF9B-595D-48C1-BF29-539463383495}.Release|Any CPU.Build.0 = Release|Any CPU
		{743EA3C9-BCE5-477C-9397-3F54CFAF3496}.Debug|Any CPU.ActiveCfg = Debug|Any CPU
		{743EA3C9-BCE5-477C-9397-3F54CFAF3496}.Debug|Any CPU.Build.0 = Debug|Any CPU
		{743EA3C9-BCE5-477C-9397-3F54CFAF3496}.Release|Any CPU.ActiveCfg = Release|Any CPU
		{743EA3C9-BCE5-477C-9397-3F54CFAF3496}.Release|Any CPU.Build.0 = Release|Any CPU
		{99200F08-9C92-4A6B-9DB0-306A19E3AE91}.Debug|Any CPU.ActiveCfg = Debug|Any CPU
		{99200F08-9C92-4A6B-9DB0-306A19E3AE91}.Debug|Any CPU.Build.0 = Debug|Any CPU
		{99200F08-9C92-4A6B-9DB0-306A19E3AE91}.Release|Any CPU.ActiveCfg = Release|Any CPU
		{99200F08-9C92-4A6B-9DB0-306A19E3AE91}.Release|Any CPU.Build.0 = Release|Any CPU
		{BE8831CD-E54C-40CB-8D7A-34804B8CDE46}.Debug|Any CPU.ActiveCfg = Debug|Any CPU
		{BE8831CD-E54C-40CB-8D7A-34804B8CDE46}.Debug|Any CPU.Build.0 = Debug|Any CPU
		{BE8831CD-E54C-40CB-8D7A-34804B8CDE46}.Release|Any CPU.ActiveCfg = Release|Any CPU
		{BE8831CD-E54C-40CB-8D7A-34804B8CDE46}.Release|Any CPU.Build.0 = Release|Any CPU
		{30745B81-E6D9-43CC-9D56-2BE2DE9DD53B}.Debug|Any CPU.ActiveCfg = Debug|Any CPU
		{30745B81-E6D9-43CC-9D56-2BE2DE9DD53B}.Debug|Any CPU.Build.0 = Debug|Any CPU
		{30745B81-E6D9-43CC-9D56-2BE2DE9DD53B}.Release|Any CPU.ActiveCfg = Release|Any CPU
		{30745B81-E6D9-43CC-9D56-2BE2DE9DD53B}.Release|Any CPU.Build.0 = Release|Any CPU
		{C3E4D896-AD24-4775-9CB7-00B6ADEF502C}.Debug|Any CPU.ActiveCfg = Debug|Any CPU
		{C3E4D896-AD24-4775-9CB7-00B6ADEF502C}.Debug|Any CPU.Build.0 = Debug|Any CPU
		{C3E4D896-AD24-4775-9CB7-00B6ADEF502C}.Release|Any CPU.ActiveCfg = Release|Any CPU
		{C3E4D896-AD24-4775-9CB7-00B6ADEF502C}.Release|Any CPU.Build.0 = Release|Any CPU
		{1B78C5E7-7384-4701-87B3-40EFDE8B08D2}.Debug|Any CPU.ActiveCfg = Debug|Any CPU
		{1B78C5E7-7384-4701-87B3-40EFDE8B08D2}.Debug|Any CPU.Build.0 = Debug|Any CPU
		{1B78C5E7-7384-4701-87B3-40EFDE8B08D2}.Release|Any CPU.ActiveCfg = Release|Any CPU
		{1B78C5E7-7384-4701-87B3-40EFDE8B08D2}.Release|Any CPU.Build.0 = Release|Any CPU
		{0D8C0D66-DAE2-43EE-B2C3-627BA2FFB4CD}.Debug|Any CPU.ActiveCfg = Debug|Any CPU
		{0D8C0D66-DAE2-43EE-B2C3-627BA2FFB4CD}.Debug|Any CPU.Build.0 = Debug|Any CPU
		{0D8C0D66-DAE2-43EE-B2C3-627BA2FFB4CD}.Release|Any CPU.ActiveCfg = Release|Any CPU
		{0D8C0D66-DAE2-43EE-B2C3-627BA2FFB4CD}.Release|Any CPU.Build.0 = Release|Any CPU
		{CD0734B9-32E9-47E6-A36D-05505580E187}.Debug|Any CPU.ActiveCfg = Debug|Any CPU
		{CD0734B9-32E9-47E6-A36D-05505580E187}.Debug|Any CPU.Build.0 = Debug|Any CPU
		{CD0734B9-32E9-47E6-A36D-05505580E187}.Release|Any CPU.ActiveCfg = Release|Any CPU
		{CD0734B9-32E9-47E6-A36D-05505580E187}.Release|Any CPU.Build.0 = Release|Any CPU
		{12FEA47B-01B4-4071-A049-656FFFD7E692}.Debug|Any CPU.ActiveCfg = Debug|Any CPU
		{12FEA47B-01B4-4071-A049-656FFFD7E692}.Debug|Any CPU.Build.0 = Debug|Any CPU
		{12FEA47B-01B4-4071-A049-656FFFD7E692}.Release|Any CPU.ActiveCfg = Release|Any CPU
		{12FEA47B-01B4-4071-A049-656FFFD7E692}.Release|Any CPU.Build.0 = Release|Any CPU
		{A5D46289-F7D5-44BE-B3C4-18265FAA9BEF}.Debug|Any CPU.ActiveCfg = Debug|Any CPU
		{A5D46289-F7D5-44BE-B3C4-18265FAA9BEF}.Debug|Any CPU.Build.0 = Debug|Any CPU
		{A5D46289-F7D5-44BE-B3C4-18265FAA9BEF}.Release|Any CPU.ActiveCfg = Release|Any CPU
		{A5D46289-F7D5-44BE-B3C4-18265FAA9BEF}.Release|Any CPU.Build.0 = Release|Any CPU
		{3C35B181-0065-4D82-A3A1-CF83BE68E718}.Debug|Any CPU.ActiveCfg = Debug|Any CPU
		{3C35B181-0065-4D82-A3A1-CF83BE68E718}.Debug|Any CPU.Build.0 = Debug|Any CPU
		{3C35B181-0065-4D82-A3A1-CF83BE68E718}.Release|Any CPU.ActiveCfg = Release|Any CPU
		{3C35B181-0065-4D82-A3A1-CF83BE68E718}.Release|Any CPU.Build.0 = Release|Any CPU
		{B8A22730-9959-4F8D-9F6F-DF84CE673BA8}.Debug|Any CPU.ActiveCfg = Debug|Any CPU
		{B8A22730-9959-4F8D-9F6F-DF84CE673BA8}.Debug|Any CPU.Build.0 = Debug|Any CPU
		{B8A22730-9959-4F8D-9F6F-DF84CE673BA8}.Release|Any CPU.ActiveCfg = Release|Any CPU
		{B8A22730-9959-4F8D-9F6F-DF84CE673BA8}.Release|Any CPU.Build.0 = Release|Any CPU
		{7CB68311-AF41-473C-96B1-C0F0D994CD94}.Debug|Any CPU.ActiveCfg = Debug|Any CPU
		{7CB68311-AF41-473C-96B1-C0F0D994CD94}.Debug|Any CPU.Build.0 = Debug|Any CPU
		{7CB68311-AF41-473C-96B1-C0F0D994CD94}.Release|Any CPU.ActiveCfg = Release|Any CPU
		{7CB68311-AF41-473C-96B1-C0F0D994CD94}.Release|Any CPU.Build.0 = Release|Any CPU
	EndGlobalSection
	GlobalSection(SolutionProperties) = preSolution
		HideSolutionNode = FALSE
	EndGlobalSection
	GlobalSection(ExtensibilityGlobals) = postSolution
		SolutionGuid = {32D61BE7-196D-494E-AF77-78E0EB0EE9BE}
	EndGlobalSection
EndGlobal
